
Microsoft Visual Studio Solution File, Format Version 12.00
# Visual Studio Version 17
VisualStudioVersion = 17.14.36603.0 d17.14
MinimumVisualStudioVersion = 10.0.40219.1
Project("{FAE04EC0-301F-11D3-BF4B-00C04F79EFBC}") = "laba2", "laba2\laba2.csproj", "{0FA77D6C-0329-4F31-BFD6-C80113E3F83E}"
EndProject
Global
	GlobalSection(SolutionConfigurationPlatforms) = preSolution
		Debug|Any CPU = Debug|Any CPU
		Release|Any CPU = Release|Any CPU
	EndGlobalSection
	GlobalSection(ProjectConfigurationPlatforms) = postSolution
		{0FA77D6C-0329-4F31-BFD6-C80113E3F83E}.Debug|Any CPU.ActiveCfg = Debug|Any CPU
		{0FA77D6C-0329-4F31-BFD6-C80113E3F83E}.Debug|Any CPU.Build.0 = Debug|Any CPU
		{0FA77D6C-0329-4F31-BFD6-C80113E3F83E}.Release|Any CPU.ActiveCfg = Release|Any CPU
		{0FA77D6C-0329-4F31-BFD6-C80113E3F83E}.Release|Any CPU.Build.0 = Release|Any CPU
	EndGlobalSection
	GlobalSection(SolutionProperties) = preSolution
		HideSolutionNode = FALSE
	EndGlobalSection
	GlobalSection(ExtensibilityGlobals) = postSolution
		SolutionGuid = {26E823A5-1146-4C25-A864-368DFA8A2F70}
	EndGlobalSection
EndGlobal
